
Microsoft Visual Studio Solution File, Format Version 12.00
# Visual Studio Version 17
VisualStudioVersion = 17.7.34003.232
MinimumVisualStudioVersion = 10.0.40219.1
Project("{FAE04EC0-301F-11D3-BF4B-00C04F79EFBC}") = "loja_games", "loja_games.csproj", "{BD881789-4092-4CE6-9AF2-3AA3D435F727}"
EndProject
Global
	GlobalSection(SolutionConfigurationPlatforms) = preSolution
		Debug|Any CPU = Debug|Any CPU
		Release|Any CPU = Release|Any CPU
	EndGlobalSection
	GlobalSection(ProjectConfigurationPlatforms) = postSolution
		{BD881789-4092-4CE6-9AF2-3AA3D435F727}.Debug|Any CPU.ActiveCfg = Debug|Any CPU
		{BD881789-4092-4CE6-9AF2-3AA3D435F727}.Debug|Any CPU.Build.0 = Debug|Any CPU
		{BD881789-4092-4CE6-9AF2-3AA3D435F727}.Release|Any CPU.ActiveCfg = Release|Any CPU
		{BD881789-4092-4CE6-9AF2-3AA3D435F727}.Release|Any CPU.Build.0 = Release|Any CPU
	EndGlobalSection
	GlobalSection(SolutionProperties) = preSolution
		HideSolutionNode = FALSE
	EndGlobalSection
	GlobalSection(ExtensibilityGlobals) = postSolution
		SolutionGuid = {E6A32FF7-BE25-4304-8F54-FE598A7F25E0}
	EndGlobalSection
EndGlobal
